
Microsoft Visual Studio Solution File, Format Version 12.00
# Visual Studio Version 17
VisualStudioVersion = 17.8.34511.84
MinimumVisualStudioVersion = 10.0.40219.1
Project("{FAE04EC0-301F-11D3-BF4B-00C04F79EFBC}") = "NikmaCompiler", "NikmaCompiler\NikmaCompiler.csproj", "{70B1BFCE-C9F7-4D27-80B8-6E5A3319EB45}"
EndProject
Global
	GlobalSection(SolutionConfigurationPlatforms) = preSolution
		Debug|Any CPU = Debug|Any CPU
		Release|Any CPU = Release|Any CPU
	EndGlobalSection
	GlobalSection(ProjectConfigurationPlatforms) = postSolution
		{70B1BFCE-C9F7-4D27-80B8-6E5A3319EB45}.Debug|Any CPU.ActiveCfg = Debug|Any CPU
		{70B1BFCE-C9F7-4D27-80B8-6E5A3319EB45}.Debug|Any CPU.Build.0 = Debug|Any CPU
		{70B1BFCE-C9F7-4D27-80B8-6E5A3319EB45}.Release|Any CPU.ActiveCfg = Release|Any CPU
		{70B1BFCE-C9F7-4D27-80B8-6E5A3319EB45}.Release|Any CPU.Build.0 = Release|Any CPU
	EndGlobalSection
	GlobalSection(SolutionProperties) = preSolution
		HideSolutionNode = FALSE
	EndGlobalSection
	GlobalSection(ExtensibilityGlobals) = postSolution
		SolutionGuid = {1B2B9D92-D0F1-41A0-941E-DC7E2E1BA1AD}
	EndGlobalSection
EndGlobal
